
Microsoft Visual Studio Solution File, Format Version 12.00
Project("{2150E333-8FDC-42A3-9474-1A3956D46DE8}") = "src", "src", "{719A0AFB-72AA-422A-978D-24D9BAB42756}"
EndProject
Project("{2150E333-8FDC-42A3-9474-1A3956D46DE8}") = "tests", "tests", "{EEE3D15B-75FA-4A4B-B261-6C6635D6F860}"
EndProject
Project("{FAE04EC0-301F-11D3-BF4B-00C04F79EFBC}") = "RedisExclusiveAccessLock", "src\RedisExclusiveAccessLock\RedisExclusiveAccessLock.csproj", "{BAC25706-1426-4623-BE5E-71948E8FA874}"
EndProject
Project("{FAE04EC0-301F-11D3-BF4B-00C04F79EFBC}") = "TestConsole", "tests\TestConsole\TestConsole.csproj", "{859FAABB-8AE8-4AC4-BC62-55A2EE9CF1BB}"
EndProject
Project("{FAE04EC0-301F-11D3-BF4B-00C04F79EFBC}") = "RedisExclusiveAccessLock.Tests", "tests\RedisExclusiveAccessLock.Tests\RedisExclusiveAccessLock.Tests.csproj", "{59E60053-B35C-4DF5-AD81-C929BA59CEF7}"
EndProject
Global
	GlobalSection(SolutionConfigurationPlatforms) = preSolution
		Debug|Any CPU = Debug|Any CPU
		Release|Any CPU = Release|Any CPU
	EndGlobalSection
	GlobalSection(NestedProjects) = preSolution
		{BAC25706-1426-4623-BE5E-71948E8FA874} = {719A0AFB-72AA-422A-978D-24D9BAB42756}
		{859FAABB-8AE8-4AC4-BC62-55A2EE9CF1BB} = {EEE3D15B-75FA-4A4B-B261-6C6635D6F860}
		{59E60053-B35C-4DF5-AD81-C929BA59CEF7} = {EEE3D15B-75FA-4A4B-B261-6C6635D6F860}
	EndGlobalSection
	GlobalSection(ProjectConfigurationPlatforms) = postSolution
		{BAC25706-1426-4623-BE5E-71948E8FA874}.Debug|Any CPU.ActiveCfg = Debug|Any CPU
		{BAC25706-1426-4623-BE5E-71948E8FA874}.Debug|Any CPU.Build.0 = Debug|Any CPU
		{BAC25706-1426-4623-BE5E-71948E8FA874}.Release|Any CPU.ActiveCfg = Release|Any CPU
		{BAC25706-1426-4623-BE5E-71948E8FA874}.Release|Any CPU.Build.0 = Release|Any CPU
		{859FAABB-8AE8-4AC4-BC62-55A2EE9CF1BB}.Debug|Any CPU.ActiveCfg = Debug|Any CPU
		{859FAABB-8AE8-4AC4-BC62-55A2EE9CF1BB}.Debug|Any CPU.Build.0 = Debug|Any CPU
		{859FAABB-8AE8-4AC4-BC62-55A2EE9CF1BB}.Release|Any CPU.ActiveCfg = Release|Any CPU
		{859FAABB-8AE8-4AC4-BC62-55A2EE9CF1BB}.Release|Any CPU.Build.0 = Release|Any CPU
		{59E60053-B35C-4DF5-AD81-C929BA59CEF7}.Debug|Any CPU.ActiveCfg = Debug|Any CPU
		{59E60053-B35C-4DF5-AD81-C929BA59CEF7}.Debug|Any CPU.Build.0 = Debug|Any CPU
		{59E60053-B35C-4DF5-AD81-C929BA59CEF7}.Release|Any CPU.ActiveCfg = Release|Any CPU
		{59E60053-B35C-4DF5-AD81-C929BA59CEF7}.Release|Any CPU.Build.0 = Release|Any CPU
	EndGlobalSection
EndGlobal
